
Microsoft Visual Studio Solution File, Format Version 12.00
# Visual Studio Version 16
VisualStudioVersion = 16.0.31105.61
MinimumVisualStudioVersion = 10.0.40219.1
Project("{FAE04EC0-301F-11D3-BF4B-00C04F79EFBC}") = "OnlineMovieTicketBookingProject", "OnlineMovieTicketBookingProject\OnlineMovieTicketBookingProject.csproj", "{316EF16D-5B2B-4AA3-9CE6-336FC3678E62}"
EndProject
Project("{FAE04EC0-301F-11D3-BF4B-00C04F79EFBC}") = "FileUploadControl", "FileUploadControl\FileUploadControl.csproj", "{026A3C99-4F97-43D9-B9A7-E9E46DFCF3D1}"
EndProject
Global
	GlobalSection(SolutionConfigurationPlatforms) = preSolution
		Debug|Any CPU = Debug|Any CPU
		Release|Any CPU = Release|Any CPU
	EndGlobalSection
	GlobalSection(ProjectConfigurationPlatforms) = postSolution
		{316EF16D-5B2B-4AA3-9CE6-336FC3678E62}.Debug|Any CPU.ActiveCfg = Debug|Any CPU
		{316EF16D-5B2B-4AA3-9CE6-336FC3678E62}.Debug|Any CPU.Build.0 = Debug|Any CPU
		{316EF16D-5B2B-4AA3-9CE6-336FC3678E62}.Release|Any CPU.ActiveCfg = Release|Any CPU
		{316EF16D-5B2B-4AA3-9CE6-336FC3678E62}.Release|Any CPU.Build.0 = Release|Any CPU
		{026A3C99-4F97-43D9-B9A7-E9E46DFCF3D1}.Debug|Any CPU.ActiveCfg = Debug|Any CPU
		{026A3C99-4F97-43D9-B9A7-E9E46DFCF3D1}.Debug|Any CPU.Build.0 = Debug|Any CPU
		{026A3C99-4F97-43D9-B9A7-E9E46DFCF3D1}.Release|Any CPU.ActiveCfg = Release|Any CPU
		{026A3C99-4F97-43D9-B9A7-E9E46DFCF3D1}.Release|Any CPU.Build.0 = Release|Any CPU
	EndGlobalSection
	GlobalSection(SolutionProperties) = preSolution
		HideSolutionNode = FALSE
	EndGlobalSection
	GlobalSection(ExtensibilityGlobals) = postSolution
		SolutionGuid = {88FADC44-FE55-4211-9C44-136D43D0A46E}
	EndGlobalSection
EndGlobal
