
Microsoft Visual Studio Solution File, Format Version 12.00
# Visual Studio Version 16
VisualStudioVersion = 16.0.31105.61
MinimumVisualStudioVersion = 10.0.40219.1
Project("{2150E333-8FDC-42A3-9474-1A3956D46DE8}") = "EShop", "EShop", "{1C530D3D-36F4-47CD-8396-FB284E2CABF8}"
EndProject
Project("{FAE04EC0-301F-11D3-BF4B-00C04F79EFBC}") = "EShop.Web", "EShop.Web\EShop.Web.csproj", "{298301D4-869A-43FA-AF7F-032BACB21DF3}"
EndProject
Global
	GlobalSection(SolutionConfigurationPlatforms) = preSolution
		Debug|Any CPU = Debug|Any CPU
		Release|Any CPU = Release|Any CPU
	EndGlobalSection
	GlobalSection(ProjectConfigurationPlatforms) = postSolution
		{298301D4-869A-43FA-AF7F-032BACB21DF3}.Debug|Any CPU.ActiveCfg = Debug|Any CPU
		{298301D4-869A-43FA-AF7F-032BACB21DF3}.Debug|Any CPU.Build.0 = Debug|Any CPU
		{298301D4-869A-43FA-AF7F-032BACB21DF3}.Release|Any CPU.ActiveCfg = Release|Any CPU
		{298301D4-869A-43FA-AF7F-032BACB21DF3}.Release|Any CPU.Build.0 = Release|Any CPU
	EndGlobalSection
	GlobalSection(SolutionProperties) = preSolution
		HideSolutionNode = FALSE
	EndGlobalSection
	GlobalSection(NestedProjects) = preSolution
		{298301D4-869A-43FA-AF7F-032BACB21DF3} = {1C530D3D-36F4-47CD-8396-FB284E2CABF8}
	EndGlobalSection
	GlobalSection(ExtensibilityGlobals) = postSolution
		SolutionGuid = {E64C22A5-5600-4B3E-90CD-4A3EAE2D92FF}
	EndGlobalSection
EndGlobal
